{
  "name": "blockchain-test",
  "version": "1.0.0",
  "lockfileVersion": 1,
  "requires": true,
  "dependencies": {
    "ganache": {
      "version": "6.4.5",
      "resolved": "https://registry.npmjs.org/ganache/-/ganache-6.4.5.tgz",
      "integrity": "sha512-RVN/wOh3nEO4cG3PFojU7RXZTS+fYEW/mgg2bMZ8EdOP02T/HsQnw2b+fF2jKpdQ8ILz5EJWlWcZOGbzx2inNQ=="
    }
  }
}
